<?xml version="1.0" encoding="UTF-8"?>
<!DOCTYPE plist PUBLIC "-//Apple//DTD PLIST 1.0//EN" "http://www.apple.com/DTDs/PropertyList-1.0.dtd">
<plist version="1.0">
<dict>
	<key>archiveVersion</key>
	<string>1</string>
	<key>classes</key>
	<dict/>
	<key>objectVersion</key>
	<string>46</string>
	<key>objects</key>
	<dict>
		<key>006CE543BCFC47E7AB666869</key>
		<dict>
			<key>buildActionMask</key>
			<string>2147483647</string>
			<key>files</key>
			<array/>
			<key>inputPaths</key>
			<array/>
			<key>isa</key>
			<string>PBXShellScriptBuildPhase</string>
			<key>name</key>
			<string>Check Pods Manifest.lock</string>
			<key>outputPaths</key>
			<array/>
			<key>runOnlyForDeploymentPostprocessing</key>
			<string>0</string>
			<key>shellPath</key>
			<string>/bin/sh</string>
			<key>shellScript</key>
			<string>diff "${PODS_ROOT}/../Podfile.lock" "${PODS_ROOT}/Manifest.lock" &gt; /dev/null
if [[ $? != 0 ]] ; then
    cat &lt;&lt; EOM
error: The sandbox is not in sync with the Podfile.lock. Run 'pod install' or update your CocoaPods installation.
EOM
    exit 1
fi
</string>
			<key>showEnvVarsInLog</key>
			<string>0</string>
		</dict>
		<key>0E8BBA2F9ED2474C8534716D</key>
		<dict>
			<key>fileRef</key>
			<string>8C50D98031904B55BA82D2E5</string>
			<key>isa</key>
			<string>PBXBuildFile</string>
		</dict>
		<key>3A03EAC919C4F4E40095708C</key>
		<dict>
			<key>fileEncoding</key>
			<string>4</string>
			<key>isa</key>
			<string>PBXFileReference</string>
			<key>lastKnownFileType</key>
			<string>sourcecode.c.h</string>
			<key>path</key>
			<string>VENTouchLockTests-Prefix.pch</string>
			<key>sourceTree</key>
			<string>&lt;group&gt;</string>
		</dict>
		<key>3A03EACA19C4F72C0095708C</key>
		<dict>
			<key>fileEncoding</key>
			<string>4</string>
			<key>isa</key>
			<string>PBXFileReference</string>
			<key>lastKnownFileType</key>
			<string>sourcecode.c.objc</string>
			<key>path</key>
			<string>VENTouchLockEnterPasscodeViewControllerSpec.m</string>
			<key>sourceTree</key>
			<string>&lt;group&gt;</string>
		</dict>
		<key>3A03EACB19C4F72C0095708C</key>
		<dict>
			<key>fileRef</key>
			<string>3A03EACA19C4F72C0095708C</string>
			<key>isa</key>
			<string>PBXBuildFile</string>
		</dict>
		<key>3A03EACC19C4FF1D0095708C</key>
		<dict>
			<key>fileRef</key>
			<string>3A709A9819BE68A300AC9238</string>
			<key>isa</key>
			<string>PBXBuildFile</string>
		</dict>
		<key>3A03EACE19C4FF440095708C</key>
		<dict>
			<key>fileRef</key>
			<string>3A709A9919BE68A300AC9238</string>
			<key>isa</key>
			<string>PBXBuildFile</string>
		</dict>
		<key>3A03EACF19C4FF990095708C</key>
		<dict>
			<key>fileRef</key>
			<string>3A709A8919BE686900AC9238</string>
			<key>isa</key>
			<string>PBXBuildFile</string>
		</dict>
		<key>3A03EAD019C4FF990095708C</key>
		<dict>
			<key>fileRef</key>
			<string>3A709A9B19BE68A300AC9238</string>
			<key>isa</key>
			<string>PBXBuildFile</string>
		</dict>
		<key>3A03EAD119C4FF990095708C</key>
		<dict>
			<key>fileRef</key>
			<string>3A709A9D19BE68A300AC9238</string>
			<key>isa</key>
			<string>PBXBuildFile</string>
		</dict>
		<key>3A03EAD219C4FF990095708C</key>
		<dict>
			<key>fileRef</key>
			<string>3A709A9F19BE68A300AC9238</string>
			<key>isa</key>
			<string>PBXBuildFile</string>
		</dict>
		<key>3A03EAD319C4FF990095708C</key>
		<dict>
			<key>fileRef</key>
			<string>3A709AAD19BE68BF00AC9238</string>
			<key>isa</key>
			<string>PBXBuildFile</string>
		</dict>
		<key>3A03EAD419C4FF990095708C</key>
		<dict>
			<key>fileRef</key>
			<string>3A709AAF19BE68BF00AC9238</string>
			<key>isa</key>
			<string>PBXBuildFile</string>
		</dict>
		<key>3A03EAD619C4FF990095708C</key>
		<dict>
			<key>fileRef</key>
			<string>3A709A8F19BE688000AC9238</string>
			<key>isa</key>
			<string>PBXBuildFile</string>
		</dict>
		<key>3A03EAD819C56C9E0095708C</key>
		<dict>
			<key>fileEncoding</key>
			<string>4</string>
			<key>isa</key>
			<string>PBXFileReference</string>
			<key>lastKnownFileType</key>
			<string>sourcecode.c.objc</string>
			<key>path</key>
			<string>UIViewController+VENTouchLockSpec.m</string>
			<key>sourceTree</key>
			<string>&lt;group&gt;</string>
		</dict>
		<key>3A03EAD919C56C9E0095708C</key>
		<dict>
			<key>fileRef</key>
			<string>3A03EAD819C56C9E0095708C</string>
			<key>isa</key>
			<string>PBXBuildFile</string>
		</dict>
		<key>3A03EADA19C5E41A0095708C</key>
		<dict>
			<key>fileEncoding</key>
			<string>4</string>
			<key>isa</key>
			<string>PBXFileReference</string>
			<key>lastKnownFileType</key>
			<string>sourcecode.c.objc</string>
			<key>path</key>
			<string>VENTouchLockSpec.m</string>
			<key>sourceTree</key>
			<string>&lt;group&gt;</string>
		</dict>
		<key>3A03EADB19C5E41A0095708C</key>
		<dict>
			<key>fileRef</key>
			<string>3A03EADA19C5E41A0095708C</string>
			<key>isa</key>
			<string>PBXBuildFile</string>
		</dict>
		<key>3A4FE4165D8CB1C8FB147395</key>
		<dict>
			<key>includeInIndex</key>
			<string>1</string>
			<key>isa</key>
			<string>PBXFileReference</string>
			<key>lastKnownFileType</key>
			<string>text.xcconfig</string>
			<key>name</key>
			<string>Pods-VENTouchLockTests.debug.xcconfig</string>
			<key>path</key>
			<string>Pods/Target Support Files/Pods-VENTouchLockTests/Pods-VENTouchLockTests.debug.xcconfig</string>
			<key>sourceTree</key>
			<string>&lt;group&gt;</string>
		</dict>
		<key>3A5C456419D9C15F00E86B7C</key>
		<dict>
			<key>children</key>
			<array>
				<string>3A5C456519D9C16B00E86B7C</string>
				<string>3A5C456619D9C16B00E86B7C</string>
			</array>
			<key>isa</key>
			<string>PBXGroup</string>
			<key>name</key>
			<string>Models</string>
			<key>sourceTree</key>
			<string>&lt;group&gt;</string>
		</dict>
		<key>3A5C456519D9C16B00E86B7C</key>
		<dict>
			<key>fileEncoding</key>
			<string>4</string>
			<key>isa</key>
			<string>PBXFileReference</string>
			<key>lastKnownFileType</key>
			<string>sourcecode.c.h</string>
			<key>name</key>
			<string>VENTouchLockAppearance.h</string>
			<key>path</key>
			<string>Models/VENTouchLockAppearance.h</string>
			<key>sourceTree</key>
			<string>&lt;group&gt;</string>
		</dict>
		<key>3A5C456619D9C16B00E86B7C</key>
		<dict>
			<key>fileEncoding</key>
			<string>4</string>
			<key>isa</key>
			<string>PBXFileReference</string>
			<key>lastKnownFileType</key>
			<string>sourcecode.c.objc</string>
			<key>name</key>
			<string>VENTouchLockAppearance.m</string>
			<key>path</key>
			<string>Models/VENTouchLockAppearance.m</string>
			<key>sourceTree</key>
			<string>&lt;group&gt;</string>
		</dict>
		<key>3A5C456719D9C16B00E86B7C</key>
		<dict>
			<key>fileRef</key>
			<string>3A5C456519D9C16B00E86B7C</string>
			<key>isa</key>
			<string>PBXBuildFile</string>
		</dict>
		<key>3A5C456819D9C16B00E86B7C</key>
		<dict>
			<key>fileRef</key>
			<string>3A5C456619D9C16B00E86B7C</string>
			<key>isa</key>
			<string>PBXBuildFile</string>
		</dict>
		<key>3A5C456919D9C1A500E86B7C</key>
		<dict>
			<key>fileRef</key>
			<string>3A5C456619D9C16B00E86B7C</string>
			<key>isa</key>
			<string>PBXBuildFile</string>
		</dict>
		<key>3A709A6619BE67D800AC9238</key>
		<dict>
			<key>children</key>
			<array>
				<string>3A709A7219BE67D800AC9238</string>
				<string>3A709A7C19BE67D800AC9238</string>
				<string>3A709A7119BE67D800AC9238</string>
				<string>3D5E0250C8A240A2922F55F7</string>
				<string>AE7750A29BBEFCCFD46D3B6D</string>
			</array>
			<key>isa</key>
			<string>PBXGroup</string>
			<key>sourceTree</key>
			<string>&lt;group&gt;</string>
		</dict>
		<key>3A709A6719BE67D800AC9238</key>
		<dict>
			<key>attributes</key>
			<dict>
				<key>LastUpgradeCheck</key>
				<string>0600</string>
				<key>ORGANIZATIONNAME</key>
				<string>Venmo</string>
				<key>TargetAttributes</key>
				<dict>
					<key>3A709A6F19BE67D800AC9238</key>
					<dict>
						<key>CreatedOnToolsVersion</key>
						<string>6.0</string>
					</dict>
					<key>3A709A7A19BE67D800AC9238</key>
					<dict>
						<key>CreatedOnToolsVersion</key>
						<string>6.0</string>
					</dict>
				</dict>
			</dict>
			<key>buildConfigurationList</key>
			<string>3A709A6A19BE67D800AC9238</string>
			<key>compatibilityVersion</key>
			<string>Xcode 3.2</string>
			<key>developmentRegion</key>
			<string>English</string>
			<key>hasScannedForEncodings</key>
			<string>0</string>
			<key>isa</key>
			<string>PBXProject</string>
			<key>knownRegions</key>
			<array>
				<string>en</string>
			</array>
			<key>mainGroup</key>
			<string>3A709A6619BE67D800AC9238</string>
			<key>productRefGroup</key>
			<string>3A709A7119BE67D800AC9238</string>
			<key>projectDirPath</key>
			<string></string>
			<key>projectReferences</key>
			<array/>
			<key>projectRoot</key>
			<string></string>
			<key>targets</key>
			<array>
				<string>3A709A6F19BE67D800AC9238</string>
				<string>3A709A7A19BE67D800AC9238</string>
			</array>
		</dict>
		<key>3A709A6A19BE67D800AC9238</key>
		<dict>
			<key>buildConfigurations</key>
			<array>
				<string>3A709A8119BE67D800AC9238</string>
				<string>3A709A8219BE67D800AC9238</string>
			</array>
			<key>defaultConfigurationIsVisible</key>
			<string>0</string>
			<key>defaultConfigurationName</key>
			<string>Release</string>
			<key>isa</key>
			<string>XCConfigurationList</string>
		</dict>
		<key>3A709A6B19BE67D800AC9238</key>
		<dict>
			<key>buildActionMask</key>
			<string>2147483647</string>
			<key>files</key>
			<array>
				<string>3A709AA419BE68A300AC9238</string>
				<string>3A709A9319BE688000AC9238</string>
				<string>3A709A8A19BE686900AC9238</string>
				<string>3A709AAA19BE68A300AC9238</string>
				<string>3A709AB219BE68BF00AC9238</string>
				<string>3A709AA819BE68A300AC9238</string>
				<string>3A709AA619BE68A300AC9238</string>
				<string>3A5C456819D9C16B00E86B7C</string>
				<string>3A709AB419BE68BF00AC9238</string>
			</array>
			<key>isa</key>
			<string>PBXSourcesBuildPhase</string>
			<key>runOnlyForDeploymentPostprocessing</key>
			<string>0</string>
		</dict>
		<key>3A709A6C19BE67D800AC9238</key>
		<dict>
			<key>buildActionMask</key>
			<string>2147483647</string>
			<key>files</key>
			<array>
				<string>0E8BBA2F9ED2474C8534716D</string>
			</array>
			<key>isa</key>
			<string>PBXFrameworksBuildPhase</string>
			<key>runOnlyForDeploymentPostprocessing</key>
			<string>0</string>
		</dict>
		<key>3A709A6D19BE67D800AC9238</key>
		<dict>
			<key>buildActionMask</key>
			<string>2147483647</string>
			<key>files</key>
			<array>
				<string>3A709A9219BE688000AC9238</string>
				<string>3A709A7619BE67D800AC9238</string>
				<string>3A03EACC19C4FF1D0095708C</string>
				<string>3A5C456719D9C16B00E86B7C</string>
				<string>3A709AA919BE68A300AC9238</string>
				<string>3A709AB319BE68BF00AC9238</string>
				<string>3A709AA719BE68A300AC9238</string>
				<string>3A709AB119BE68BF00AC9238</string>
				<string>3A709AA519BE68A300AC9238</string>
			</array>
			<key>isa</key>
			<string>PBXHeadersBuildPhase</string>
			<key>runOnlyForDeploymentPostprocessing</key>
			<string>0</string>
		</dict>
		<key>3A709A6E19BE67D800AC9238</key>
		<dict>
			<key>buildActionMask</key>
			<string>2147483647</string>
			<key>files</key>
			<array>
				<string>3A709AB519BE68BF00AC9238</string>
			</array>
			<key>isa</key>
			<string>PBXResourcesBuildPhase</string>
			<key>runOnlyForDeploymentPostprocessing</key>
			<string>0</string>
		</dict>
		<key>3A709A6F19BE67D800AC9238</key>
		<dict>
			<key>buildConfigurationList</key>
			<string>3A709A8319BE67D800AC9238</string>
			<key>buildPhases</key>
			<array>
				<string>578CFE7974F84E93ACDBAB3E</string>
				<string>3A709A6B19BE67D800AC9238</string>
				<string>3A709A6C19BE67D800AC9238</string>
				<string>3A709A6D19BE67D800AC9238</string>
				<string>3A709A6E19BE67D800AC9238</string>
				<string>DBA0684AD4E9464DAC14CC9A</string>
			</array>
			<key>buildRules</key>
			<array/>
			<key>dependencies</key>
			<array/>
			<key>isa</key>
			<string>PBXNativeTarget</string>
			<key>name</key>
			<string>VENTouchLock</string>
			<key>productName</key>
			<string>VENTouchLock</string>
			<key>productReference</key>
			<string>3A709A7019BE67D800AC9238</string>
			<key>productType</key>
			<string>com.apple.product-type.framework</string>
		</dict>
		<key>3A709A7019BE67D800AC9238</key>
		<dict>
			<key>explicitFileType</key>
			<string>wrapper.framework</string>
			<key>includeInIndex</key>
			<string>0</string>
			<key>isa</key>
			<string>PBXFileReference</string>
			<key>path</key>
			<string>VENTouchLock.framework</string>
			<key>sourceTree</key>
			<string>BUILT_PRODUCTS_DIR</string>
		</dict>
		<key>3A709A7119BE67D800AC9238</key>
		<dict>
			<key>children</key>
			<array>
				<string>3A709A7019BE67D800AC9238</string>
				<string>3A709A7B19BE67D800AC9238</string>
			</array>
			<key>isa</key>
			<string>PBXGroup</string>
			<key>name</key>
			<string>Products</string>
			<key>sourceTree</key>
			<string>&lt;group&gt;</string>
		</dict>
		<key>3A709A7219BE67D800AC9238</key>
		<dict>
			<key>children</key>
			<array>
				<string>3A709A7519BE67D800AC9238</string>
				<string>3A709A8919BE686900AC9238</string>
				<string>3A5C456419D9C15F00E86B7C</string>
				<string>3A709A9419BE688E00AC9238</string>
				<string>3A709AAB19BE68B400AC9238</string>
				<string>3A709A8B19BE687100AC9238</string>
				<string>3A709A7319BE67D800AC9238</string>
			</array>
			<key>isa</key>
			<string>PBXGroup</string>
			<key>path</key>
			<string>VENTouchLock</string>
			<key>sourceTree</key>
			<string>&lt;group&gt;</string>
		</dict>
		<key>3A709A7319BE67D800AC9238</key>
		<dict>
			<key>children</key>
			<array>
				<string>3A709A7419BE67D800AC9238</string>
			</array>
			<key>isa</key>
			<string>PBXGroup</string>
			<key>name</key>
			<string>Supporting Files</string>
			<key>sourceTree</key>
			<string>&lt;group&gt;</string>
		</dict>
		<key>3A709A7419BE67D800AC9238</key>
		<dict>
			<key>isa</key>
			<string>PBXFileReference</string>
			<key>lastKnownFileType</key>
			<string>text.plist.xml</string>
			<key>path</key>
			<string>Info.plist</string>
			<key>sourceTree</key>
			<string>&lt;group&gt;</string>
		</dict>
		<key>3A709A7519BE67D800AC9238</key>
		<dict>
			<key>isa</key>
			<string>PBXFileReference</string>
			<key>lastKnownFileType</key>
			<string>sourcecode.c.h</string>
			<key>path</key>
			<string>VENTouchLock.h</string>
			<key>sourceTree</key>
			<string>&lt;group&gt;</string>
		</dict>
		<key>3A709A7619BE67D800AC9238</key>
		<dict>
			<key>fileRef</key>
			<string>3A709A7519BE67D800AC9238</string>
			<key>isa</key>
			<string>PBXBuildFile</string>
			<key>settings</key>
			<dict>
				<key>ATTRIBUTES</key>
				<array>
					<string>Public</string>
				</array>
			</dict>
		</dict>
		<key>3A709A7719BE67D800AC9238</key>
		<dict>
			<key>buildActionMask</key>
			<string>2147483647</string>
			<key>files</key>
			<array>
				<string>3A5C456919D9C1A500E86B7C</string>
				<string>3A03EACF19C4FF990095708C</string>
				<string>3A03EAD019C4FF990095708C</string>
				<string>3A03EAD119C4FF990095708C</string>
				<string>3A03EAD219C4FF990095708C</string>
				<string>3A03EAD319C4FF990095708C</string>
				<string>3A03EAD919C56C9E0095708C</string>
				<string>3A03EAD419C4FF990095708C</string>
				<string>3A03EAD619C4FF990095708C</string>
				<string>3A03EADB19C5E41A0095708C</string>
				<string>3A03EACE19C4FF440095708C</string>
				<string>3A03EACB19C4F72C0095708C</string>
			</array>
			<key>isa</key>
			<string>PBXSourcesBuildPhase</string>
			<key>runOnlyForDeploymentPostprocessing</key>
			<string>0</string>
		</dict>
		<key>3A709A7819BE67D800AC9238</key>
		<dict>
			<key>buildActionMask</key>
			<string>2147483647</string>
			<key>files</key>
			<array>
				<string>B0AAA75C21C74F8DA9D13175</string>
			</array>
			<key>isa</key>
			<string>PBXFrameworksBuildPhase</string>
			<key>runOnlyForDeploymentPostprocessing</key>
			<string>0</string>
		</dict>
		<key>3A709A7919BE67D800AC9238</key>
		<dict>
			<key>buildActionMask</key>
			<string>2147483647</string>
			<key>files</key>
			<array/>
			<key>isa</key>
			<string>PBXResourcesBuildPhase</string>
			<key>runOnlyForDeploymentPostprocessing</key>
			<string>0</string>
		</dict>
		<key>3A709A7A19BE67D800AC9238</key>
		<dict>
			<key>buildConfigurationList</key>
			<string>3A709A8619BE67D800AC9238</string>
			<key>buildPhases</key>
			<array>
				<string>006CE543BCFC47E7AB666869</string>
				<string>3A709A7719BE67D800AC9238</string>
				<string>3A709A7819BE67D800AC9238</string>
				<string>3A709A7919BE67D800AC9238</string>
				<string>8B971D45E9814AC3A4071695</string>
			</array>
			<key>buildRules</key>
			<array/>
			<key>dependencies</key>
			<array/>
			<key>isa</key>
			<string>PBXNativeTarget</string>
			<key>name</key>
			<string>VENTouchLockTests</string>
			<key>productName</key>
			<string>VENTouchLockTests</string>
			<key>productReference</key>
			<string>3A709A7B19BE67D800AC9238</string>
			<key>productType</key>
			<string>com.apple.product-type.bundle.unit-test</string>
		</dict>
		<key>3A709A7B19BE67D800AC9238</key>
		<dict>
			<key>explicitFileType</key>
			<string>wrapper.cfbundle</string>
			<key>includeInIndex</key>
			<string>0</string>
			<key>isa</key>
			<string>PBXFileReference</string>
			<key>path</key>
			<string>VENTouchLockTests.xctest</string>
			<key>sourceTree</key>
			<string>BUILT_PRODUCTS_DIR</string>
		</dict>
		<key>3A709A7C19BE67D800AC9238</key>
		<dict>
			<key>children</key>
			<array>
				<string>3A03EADA19C5E41A0095708C</string>
				<string>3A03EACA19C4F72C0095708C</string>
				<string>3A03EAD819C56C9E0095708C</string>
				<string>3A709A7D19BE67D800AC9238</string>
			</array>
			<key>isa</key>
			<string>PBXGroup</string>
			<key>path</key>
			<string>VENTouchLockTests</string>
			<key>sourceTree</key>
			<string>&lt;group&gt;</string>
		</dict>
		<key>3A709A7D19BE67D800AC9238</key>
		<dict>
			<key>children</key>
			<array>
				<string>3A709A7E19BE67D800AC9238</string>
				<string>3A03EAC919C4F4E40095708C</string>
			</array>
			<key>isa</key>
			<string>PBXGroup</string>
			<key>name</key>
			<string>Supporting Files</string>
			<key>sourceTree</key>
			<string>&lt;group&gt;</string>
		</dict>
		<key>3A709A7E19BE67D800AC9238</key>
		<dict>
			<key>isa</key>
			<string>PBXFileReference</string>
			<key>lastKnownFileType</key>
			<string>text.plist.xml</string>
			<key>path</key>
			<string>Info.plist</string>
			<key>sourceTree</key>
			<string>&lt;group&gt;</string>
		</dict>
		<key>3A709A8119BE67D800AC9238</key>
		<dict>
			<key>buildSettings</key>
			<dict>
				<key>ALWAYS_SEARCH_USER_PATHS</key>
				<string>NO</string>
				<key>CLANG_CXX_LANGUAGE_STANDARD</key>
				<string>gnu++0x</string>
				<key>CLANG_CXX_LIBRARY</key>
				<string>libc++</string>
				<key>CLANG_ENABLE_MODULES</key>
				<string>YES</string>
				<key>CLANG_ENABLE_OBJC_ARC</key>
				<string>YES</string>
				<key>CLANG_WARN_BOOL_CONVERSION</key>
				<string>YES</string>
				<key>CLANG_WARN_CONSTANT_CONVERSION</key>
				<string>YES</string>
				<key>CLANG_WARN_DIRECT_OBJC_ISA_USAGE</key>
				<string>YES_ERROR</string>
				<key>CLANG_WARN_EMPTY_BODY</key>
				<string>YES</string>
				<key>CLANG_WARN_ENUM_CONVERSION</key>
				<string>YES</string>
				<key>CLANG_WARN_INT_CONVERSION</key>
				<string>YES</string>
				<key>CLANG_WARN_OBJC_ROOT_CLASS</key>
				<string>YES_ERROR</string>
				<key>CLANG_WARN_UNREACHABLE_CODE</key>
				<string>YES</string>
				<key>CLANG_WARN__DUPLICATE_METHOD_MATCH</key>
				<string>YES</string>
				<key>CODE_SIGN_IDENTITY[sdk=iphoneos*]</key>
				<string>iPhone Developer</string>
				<key>COPY_PHASE_STRIP</key>
				<string>NO</string>
				<key>CURRENT_PROJECT_VERSION</key>
				<string>1</string>
				<key>ENABLE_STRICT_OBJC_MSGSEND</key>
				<string>YES</string>
				<key>GCC_C_LANGUAGE_STANDARD</key>
				<string>gnu99</string>
				<key>GCC_DYNAMIC_NO_PIC</key>
				<string>NO</string>
				<key>GCC_OPTIMIZATION_LEVEL</key>
				<string>0</string>
				<key>GCC_PREPROCESSOR_DEFINITIONS</key>
				<array>
					<string>DEBUG=1</string>
					<string>$(inherited)</string>
				</array>
				<key>GCC_SYMBOLS_PRIVATE_EXTERN</key>
				<string>NO</string>
				<key>GCC_WARN_64_TO_32_BIT_CONVERSION</key>
				<string>YES</string>
				<key>GCC_WARN_ABOUT_RETURN_TYPE</key>
				<string>YES_ERROR</string>
				<key>GCC_WARN_UNDECLARED_SELECTOR</key>
				<string>YES</string>
				<key>GCC_WARN_UNINITIALIZED_AUTOS</key>
				<string>YES_AGGRESSIVE</string>
				<key>GCC_WARN_UNUSED_FUNCTION</key>
				<string>YES</string>
				<key>GCC_WARN_UNUSED_VARIABLE</key>
				<string>YES</string>
				<key>IPHONEOS_DEPLOYMENT_TARGET</key>
				<string>8.0</string>
				<key>MTL_ENABLE_DEBUG_INFO</key>
				<string>YES</string>
				<key>ONLY_ACTIVE_ARCH</key>
				<string>YES</string>
				<key>SDKROOT</key>
				<string>iphoneos</string>
				<key>TARGETED_DEVICE_FAMILY</key>
				<string>1,2</string>
				<key>VERSIONING_SYSTEM</key>
				<string>apple-generic</string>
				<key>VERSION_INFO_PREFIX</key>
				<string></string>
			</dict>
			<key>isa</key>
			<string>XCBuildConfiguration</string>
			<key>name</key>
			<string>Debug</string>
		</dict>
		<key>3A709A8219BE67D800AC9238</key>
		<dict>
			<key>buildSettings</key>
			<dict>
				<key>ALWAYS_SEARCH_USER_PATHS</key>
				<string>NO</string>
				<key>CLANG_CXX_LANGUAGE_STANDARD</key>
				<string>gnu++0x</string>
				<key>CLANG_CXX_LIBRARY</key>
				<string>libc++</string>
				<key>CLANG_ENABLE_MODULES</key>
				<string>YES</string>
				<key>CLANG_ENABLE_OBJC_ARC</key>
				<string>YES</string>
				<key>CLANG_WARN_BOOL_CONVERSION</key>
				<string>YES</string>
				<key>CLANG_WARN_CONSTANT_CONVERSION</key>
				<string>YES</string>
				<key>CLANG_WARN_DIRECT_OBJC_ISA_USAGE</key>
				<string>YES_ERROR</string>
				<key>CLANG_WARN_EMPTY_BODY</key>
				<string>YES</string>
				<key>CLANG_WARN_ENUM_CONVERSION</key>
				<string>YES</string>
				<key>CLANG_WARN_INT_CONVERSION</key>
				<string>YES</string>
				<key>CLANG_WARN_OBJC_ROOT_CLASS</key>
				<string>YES_ERROR</string>
				<key>CLANG_WARN_UNREACHABLE_CODE</key>
				<string>YES</string>
				<key>CLANG_WARN__DUPLICATE_METHOD_MATCH</key>
				<string>YES</string>
				<key>CODE_SIGN_IDENTITY[sdk=iphoneos*]</key>
				<string>iPhone Developer</string>
				<key>COPY_PHASE_STRIP</key>
				<string>YES</string>
				<key>CURRENT_PROJECT_VERSION</key>
				<string>1</string>
				<key>ENABLE_NS_ASSERTIONS</key>
				<string>NO</string>
				<key>ENABLE_STRICT_OBJC_MSGSEND</key>
				<string>YES</string>
				<key>GCC_C_LANGUAGE_STANDARD</key>
				<string>gnu99</string>
				<key>GCC_WARN_64_TO_32_BIT_CONVERSION</key>
				<string>YES</string>
				<key>GCC_WARN_ABOUT_RETURN_TYPE</key>
				<string>YES_ERROR</string>
				<key>GCC_WARN_UNDECLARED_SELECTOR</key>
				<string>YES</string>
				<key>GCC_WARN_UNINITIALIZED_AUTOS</key>
				<string>YES_AGGRESSIVE</string>
				<key>GCC_WARN_UNUSED_FUNCTION</key>
				<string>YES</string>
				<key>GCC_WARN_UNUSED_VARIABLE</key>
				<string>YES</string>
				<key>IPHONEOS_DEPLOYMENT_TARGET</key>
				<string>8.0</string>
				<key>MTL_ENABLE_DEBUG_INFO</key>
				<string>NO</string>
				<key>SDKROOT</key>
				<string>iphoneos</string>
				<key>TARGETED_DEVICE_FAMILY</key>
				<string>1,2</string>
				<key>VALIDATE_PRODUCT</key>
				<string>YES</string>
				<key>VERSIONING_SYSTEM</key>
				<string>apple-generic</string>
				<key>VERSION_INFO_PREFIX</key>
				<string></string>
			</dict>
			<key>isa</key>
			<string>XCBuildConfiguration</string>
			<key>name</key>
			<string>Release</string>
		</dict>
		<key>3A709A8319BE67D800AC9238</key>
		<dict>
			<key>buildConfigurations</key>
			<array>
				<string>3A709A8419BE67D800AC9238</string>
				<string>3A709A8519BE67D800AC9238</string>
			</array>
			<key>defaultConfigurationIsVisible</key>
			<string>0</string>
			<key>defaultConfigurationName</key>
			<string>Release</string>
			<key>isa</key>
			<string>XCConfigurationList</string>
		</dict>
		<key>3A709A8419BE67D800AC9238</key>
		<dict>
			<key>baseConfigurationReference</key>
			<string>EF1F7E543F036C4EB61FDC73</string>
			<key>buildSettings</key>
			<dict>
				<key>DEFINES_MODULE</key>
				<string>YES</string>
				<key>DYLIB_COMPATIBILITY_VERSION</key>
				<string>1</string>
				<key>DYLIB_CURRENT_VERSION</key>
				<string>1</string>
				<key>DYLIB_INSTALL_NAME_BASE</key>
				<string>@rpath</string>
				<key>INFOPLIST_FILE</key>
				<string>VENTouchLock/Info.plist</string>
				<key>INSTALL_PATH</key>
				<string>$(LOCAL_LIBRARY_DIR)/Frameworks</string>
				<key>LD_RUNPATH_SEARCH_PATHS</key>
				<string>$(inherited) @executable_path/Frameworks @loader_path/Frameworks</string>
				<key>PRODUCT_NAME</key>
				<string>$(TARGET_NAME)</string>
				<key>SKIP_INSTALL</key>
				<string>YES</string>
			</dict>
			<key>isa</key>
			<string>XCBuildConfiguration</string>
			<key>name</key>
			<string>Debug</string>
		</dict>
		<key>3A709A8519BE67D800AC9238</key>
		<dict>
			<key>baseConfigurationReference</key>
			<string>7214AFB127B057149904A934</string>
			<key>buildSettings</key>
			<dict>
				<key>DEFINES_MODULE</key>
				<string>YES</string>
				<key>DYLIB_COMPATIBILITY_VERSION</key>
				<string>1</string>
				<key>DYLIB_CURRENT_VERSION</key>
				<string>1</string>
				<key>DYLIB_INSTALL_NAME_BASE</key>
				<string>@rpath</string>
				<key>INFOPLIST_FILE</key>
				<string>VENTouchLock/Info.plist</string>
				<key>INSTALL_PATH</key>
				<string>$(LOCAL_LIBRARY_DIR)/Frameworks</string>
				<key>LD_RUNPATH_SEARCH_PATHS</key>
				<string>$(inherited) @executable_path/Frameworks @loader_path/Frameworks</string>
				<key>PRODUCT_NAME</key>
				<string>$(TARGET_NAME)</string>
				<key>SKIP_INSTALL</key>
				<string>YES</string>
			</dict>
			<key>isa</key>
			<string>XCBuildConfiguration</string>
			<key>name</key>
			<string>Release</string>
		</dict>
		<key>3A709A8619BE67D800AC9238</key>
		<dict>
			<key>buildConfigurations</key>
			<array>
				<string>3A709A8719BE67D800AC9238</string>
				<string>3A709A8819BE67D800AC9238</string>
			</array>
			<key>defaultConfigurationIsVisible</key>
			<string>0</string>
			<key>defaultConfigurationName</key>
			<string>Release</string>
			<key>isa</key>
			<string>XCConfigurationList</string>
		</dict>
		<key>3A709A8719BE67D800AC9238</key>
		<dict>
			<key>baseConfigurationReference</key>
			<string>3A4FE4165D8CB1C8FB147395</string>
			<key>buildSettings</key>
			<dict>
				<key>FRAMEWORK_SEARCH_PATHS</key>
				<array>
					<string>$(SDKROOT)/Developer/Library/Frameworks</string>
					<string>$(inherited)</string>
				</array>
				<key>GCC_PREFIX_HEADER</key>
				<string>VENTouchLockTests/VENTouchLockTests-Prefix.pch</string>
				<key>GCC_PREPROCESSOR_DEFINITIONS</key>
				<array>
					<string>DEBUG=1</string>
					<string>$(inherited)</string>
				</array>
				<key>INFOPLIST_FILE</key>
				<string>VENTouchLockTests/Info.plist</string>
				<key>LD_RUNPATH_SEARCH_PATHS</key>
				<string>$(inherited) @executable_path/Frameworks @loader_path/Frameworks</string>
				<key>PRODUCT_NAME</key>
				<string>$(TARGET_NAME)</string>
			</dict>
			<key>isa</key>
			<string>XCBuildConfiguration</string>
			<key>name</key>
			<string>Debug</string>
		</dict>
		<key>3A709A8819BE67D800AC9238</key>
		<dict>
			<key>baseConfigurationReference</key>
			<string>ACF4DE98AD7E614B0C1615BF</string>
			<key>buildSettings</key>
			<dict>
				<key>FRAMEWORK_SEARCH_PATHS</key>
				<array>
					<string>$(SDKROOT)/Developer/Library/Frameworks</string>
					<string>$(inherited)</string>
				</array>
				<key>GCC_PREFIX_HEADER</key>
				<string>VENTouchLockTests/VENTouchLockTests-Prefix.pch</string>
				<key>INFOPLIST_FILE</key>
				<string>VENTouchLockTests/Info.plist</string>
				<key>LD_RUNPATH_SEARCH_PATHS</key>
				<string>$(inherited) @executable_path/Frameworks @loader_path/Frameworks</string>
				<key>PRODUCT_NAME</key>
				<string>$(TARGET_NAME)</string>
			</dict>
			<key>isa</key>
			<string>XCBuildConfiguration</string>
			<key>name</key>
			<string>Release</string>
		</dict>
		<key>3A709A8919BE686900AC9238</key>
		<dict>
			<key>fileEncoding</key>
			<string>4</string>
			<key>isa</key>
			<string>PBXFileReference</string>
			<key>lastKnownFileType</key>
			<string>sourcecode.c.objc</string>
			<key>path</key>
			<string>VENTouchLock.m</string>
			<key>sourceTree</key>
			<string>&lt;group&gt;</string>
		</dict>
		<key>3A709A8A19BE686900AC9238</key>
		<dict>
			<key>fileRef</key>
			<string>3A709A8919BE686900AC9238</string>
			<key>isa</key>
			<string>PBXBuildFile</string>
		</dict>
		<key>3A709A8B19BE687100AC9238</key>
		<dict>
			<key>children</key>
			<array>
				<string>3A709A8E19BE688000AC9238</string>
				<string>3A709A8F19BE688000AC9238</string>
			</array>
			<key>isa</key>
			<string>PBXGroup</string>
			<key>name</key>
			<string>Categories</string>
			<key>sourceTree</key>
			<string>&lt;group&gt;</string>
		</dict>
		<key>3A709A8E19BE688000AC9238</key>
		<dict>
			<key>fileEncoding</key>
			<string>4</string>
			<key>isa</key>
			<string>PBXFileReference</string>
			<key>lastKnownFileType</key>
			<string>sourcecode.c.h</string>
			<key>name</key>
			<string>UIViewController+VENTouchLock.h</string>
			<key>path</key>
			<string>Categories/UIViewController+VENTouchLock.h</string>
			<key>sourceTree</key>
			<string>&lt;group&gt;</string>
		</dict>
		<key>3A709A8F19BE688000AC9238</key>
		<dict>
			<key>fileEncoding</key>
			<string>4</string>
			<key>isa</key>
			<string>PBXFileReference</string>
			<key>lastKnownFileType</key>
			<string>sourcecode.c.objc</string>
			<key>name</key>
			<string>UIViewController+VENTouchLock.m</string>
			<key>path</key>
			<string>Categories/UIViewController+VENTouchLock.m</string>
			<key>sourceTree</key>
			<string>&lt;group&gt;</string>
		</dict>
		<key>3A709A9219BE688000AC9238</key>
		<dict>
			<key>fileRef</key>
			<string>3A709A8E19BE688000AC9238</string>
			<key>isa</key>
			<string>PBXBuildFile</string>
		</dict>
		<key>3A709A9319BE688000AC9238</key>
		<dict>
			<key>fileRef</key>
			<string>3A709A8F19BE688000AC9238</string>
			<key>isa</key>
			<string>PBXBuildFile</string>
		</dict>
		<key>3A709A9419BE688E00AC9238</key>
		<dict>
			<key>children</key>
			<array>
				<string>3A709A9819BE68A300AC9238</string>
				<string>3A709A9919BE68A300AC9238</string>
				<string>3A709A9A19BE68A300AC9238</string>
				<string>3A709A9B19BE68A300AC9238</string>
				<string>3A709A9C19BE68A300AC9238</string>
				<string>3A709A9D19BE68A300AC9238</string>
				<string>3A709A9E19BE68A300AC9238</string>
				<string>3A709A9F19BE68A300AC9238</string>
			</array>
			<key>isa</key>
			<string>PBXGroup</string>
			<key>name</key>
			<string>Controllers</string>
			<key>sourceTree</key>
			<string>&lt;group&gt;</string>
		</dict>
		<key>3A709A9819BE68A300AC9238</key>
		<dict>
			<key>fileEncoding</key>
			<string>4</string>
			<key>isa</key>
			<string>PBXFileReference</string>
			<key>lastKnownFileType</key>
			<string>sourcecode.c.h</string>
			<key>name</key>
			<string>VENTouchLockEnterPasscodeViewController.h</string>
			<key>path</key>
			<string>Controllers/VENTouchLockEnterPasscodeViewController.h</string>
			<key>sourceTree</key>
			<string>&lt;group&gt;</string>
		</dict>
		<key>3A709A9919BE68A300AC9238</key>
		<dict>
			<key>fileEncoding</key>
			<string>4</string>
			<key>isa</key>
			<string>PBXFileReference</string>
			<key>lastKnownFileType</key>
			<string>sourcecode.c.objc</string>
			<key>name</key>
			<string>VENTouchLockEnterPasscodeViewController.m</string>
			<key>path</key>
			<string>Controllers/VENTouchLockEnterPasscodeViewController.m</string>
			<key>sourceTree</key>
			<string>&lt;group&gt;</string>
		</dict>
		<key>3A709A9A19BE68A300AC9238</key>
		<dict>
			<key>fileEncoding</key>
			<string>4</string>
			<key>isa</key>
			<string>PBXFileReference</string>
			<key>lastKnownFileType</key>
			<string>sourcecode.c.h</string>
			<key>name</key>
			<string>VENTouchLockPasscodeViewController.h</string>
			<key>path</key>
			<string>Controllers/VENTouchLockPasscodeViewController.h</string>
			<key>sourceTree</key>
			<string>&lt;group&gt;</string>
		</dict>
		<key>3A709A9B19BE68A300AC9238</key>
		<dict>
			<key>fileEncoding</key>
			<string>4</string>
			<key>isa</key>
			<string>PBXFileReference</string>
			<key>lastKnownFileType</key>
			<string>sourcecode.c.objc</string>
			<key>name</key>
			<string>VENTouchLockPasscodeViewController.m</string>
			<key>path</key>
			<string>Controllers/VENTouchLockPasscodeViewController.m</string>
			<key>sourceTree</key>
			<string>&lt;group&gt;</string>
		</dict>
		<key>3A709A9C19BE68A300AC9238</key>
		<dict>
			<key>fileEncoding</key>
			<string>4</string>
			<key>isa</key>
			<string>PBXFileReference</string>
			<key>lastKnownFileType</key>
			<string>sourcecode.c.h</string>
			<key>name</key>
			<string>VENTouchLockCreatePasscodeViewController.h</string>
			<key>path</key>
			<string>Controllers/VENTouchLockCreatePasscodeViewController.h</string>
			<key>sourceTree</key>
			<string>&lt;group&gt;</string>
		</dict>
		<key>3A709A9D19BE68A300AC9238</key>
		<dict>
			<key>fileEncoding</key>
			<string>4</string>
			<key>isa</key>
			<string>PBXFileReference</string>
			<key>lastKnownFileType</key>
			<string>sourcecode.c.objc</string>
			<key>name</key>
			<string>VENTouchLockCreatePasscodeViewController.m</string>
			<key>path</key>
			<string>Controllers/VENTouchLockCreatePasscodeViewController.m</string>
			<key>sourceTree</key>
			<string>&lt;group&gt;</string>
		</dict>
		<key>3A709A9E19BE68A300AC9238</key>
		<dict>
			<key>fileEncoding</key>
			<string>4</string>
			<key>isa</key>
			<string>PBXFileReference</string>
			<key>lastKnownFileType</key>
			<string>sourcecode.c.h</string>
			<key>name</key>
			<string>VENTouchLockSplashViewController.h</string>
			<key>path</key>
			<string>Controllers/VENTouchLockSplashViewController.h</string>
			<key>sourceTree</key>
			<string>&lt;group&gt;</string>
		</dict>
		<key>3A709A9F19BE68A300AC9238</key>
		<dict>
			<key>fileEncoding</key>
			<string>4</string>
			<key>isa</key>
			<string>PBXFileReference</string>
			<key>lastKnownFileType</key>
			<string>sourcecode.c.objc</string>
			<key>name</key>
			<string>VENTouchLockSplashViewController.m</string>
			<key>path</key>
			<string>Controllers/VENTouchLockSplashViewController.m</string>
			<key>sourceTree</key>
			<string>&lt;group&gt;</string>
		</dict>
		<key>3A709AA419BE68A300AC9238</key>
		<dict>
			<key>fileRef</key>
			<string>3A709A9919BE68A300AC9238</string>
			<key>isa</key>
			<string>PBXBuildFile</string>
		</dict>
		<key>3A709AA519BE68A300AC9238</key>
		<dict>
			<key>fileRef</key>
			<string>3A709A9A19BE68A300AC9238</string>
			<key>isa</key>
			<string>PBXBuildFile</string>
		</dict>
		<key>3A709AA619BE68A300AC9238</key>
		<dict>
			<key>fileRef</key>
			<string>3A709A9B19BE68A300AC9238</string>
			<key>isa</key>
			<string>PBXBuildFile</string>
		</dict>
		<key>3A709AA719BE68A300AC9238</key>
		<dict>
			<key>fileRef</key>
			<string>3A709A9C19BE68A300AC9238</string>
			<key>isa</key>
			<string>PBXBuildFile</string>
		</dict>
		<key>3A709AA819BE68A300AC9238</key>
		<dict>
			<key>fileRef</key>
			<string>3A709A9D19BE68A300AC9238</string>
			<key>isa</key>
			<string>PBXBuildFile</string>
		</dict>
		<key>3A709AA919BE68A300AC9238</key>
		<dict>
			<key>fileRef</key>
			<string>3A709A9E19BE68A300AC9238</string>
			<key>isa</key>
			<string>PBXBuildFile</string>
		</dict>
		<key>3A709AAA19BE68A300AC9238</key>
		<dict>
			<key>fileRef</key>
			<string>3A709A9F19BE68A300AC9238</string>
			<key>isa</key>
			<string>PBXBuildFile</string>
		</dict>
		<key>3A709AAB19BE68B400AC9238</key>
		<dict>
			<key>children</key>
			<array>
				<string>3A709AAC19BE68BF00AC9238</string>
				<string>3A709AAD19BE68BF00AC9238</string>
				<string>3A709AAE19BE68BF00AC9238</string>
				<string>3A709AAF19BE68BF00AC9238</string>
				<string>3A709AB019BE68BF00AC9238</string>
			</array>
			<key>isa</key>
			<string>PBXGroup</string>
			<key>name</key>
			<string>Views</string>
			<key>sourceTree</key>
			<string>&lt;group&gt;</string>
		</dict>
		<key>3A709AAC19BE68BF00AC9238</key>
		<dict>
			<key>fileEncoding</key>
			<string>4</string>
			<key>isa</key>
			<string>PBXFileReference</string>
			<key>lastKnownFileType</key>
			<string>sourcecode.c.h</string>
			<key>name</key>
			<string>VENTouchLockPasscodeCharacterView.h</string>
			<key>path</key>
			<string>Views/VENTouchLockPasscodeCharacterView.h</string>
			<key>sourceTree</key>
			<string>&lt;group&gt;</string>
		</dict>
		<key>3A709AAD19BE68BF00AC9238</key>
		<dict>
			<key>fileEncoding</key>
			<string>4</string>
			<key>isa</key>
			<string>PBXFileReference</string>
			<key>lastKnownFileType</key>
			<string>sourcecode.c.objc</string>
			<key>name</key>
			<string>VENTouchLockPasscodeCharacterView.m</string>
			<key>path</key>
			<string>Views/VENTouchLockPasscodeCharacterView.m</string>
			<key>sourceTree</key>
			<string>&lt;group&gt;</string>
		</dict>
		<key>3A709AAE19BE68BF00AC9238</key>
		<dict>
			<key>fileEncoding</key>
			<string>4</string>
			<key>isa</key>
			<string>PBXFileReference</string>
			<key>lastKnownFileType</key>
			<string>sourcecode.c.h</string>
			<key>name</key>
			<string>VENTouchLockPasscodeView.h</string>
			<key>path</key>
			<string>Views/VENTouchLockPasscodeView.h</string>
			<key>sourceTree</key>
			<string>&lt;group&gt;</string>
		</dict>
		<key>3A709AAF19BE68BF00AC9238</key>
		<dict>
			<key>fileEncoding</key>
			<string>4</string>
			<key>isa</key>
			<string>PBXFileReference</string>
			<key>lastKnownFileType</key>
			<string>sourcecode.c.objc</string>
			<key>name</key>
			<string>VENTouchLockPasscodeView.m</string>
			<key>path</key>
			<string>Views/VENTouchLockPasscodeView.m</string>
			<key>sourceTree</key>
			<string>&lt;group&gt;</string>
		</dict>
		<key>3A709AB019BE68BF00AC9238</key>
		<dict>
			<key>fileEncoding</key>
			<string>4</string>
			<key>isa</key>
			<string>PBXFileReference</string>
			<key>lastKnownFileType</key>
			<string>file.xib</string>
			<key>name</key>
			<string>VENTouchLockPasscodeView.xib</string>
			<key>path</key>
			<string>Views/VENTouchLockPasscodeView.xib</string>
			<key>sourceTree</key>
			<string>&lt;group&gt;</string>
		</dict>
		<key>3A709AB119BE68BF00AC9238</key>
		<dict>
			<key>fileRef</key>
			<string>3A709AAC19BE68BF00AC9238</string>
			<key>isa</key>
			<string>PBXBuildFile</string>
		</dict>
		<key>3A709AB219BE68BF00AC9238</key>
		<dict>
			<key>fileRef</key>
			<string>3A709AAD19BE68BF00AC9238</string>
			<key>isa</key>
			<string>PBXBuildFile</string>
		</dict>
		<key>3A709AB319BE68BF00AC9238</key>
		<dict>
			<key>fileRef</key>
			<string>3A709AAE19BE68BF00AC9238</string>
			<key>isa</key>
			<string>PBXBuildFile</string>
		</dict>
		<key>3A709AB419BE68BF00AC9238</key>
		<dict>
			<key>fileRef</key>
			<string>3A709AAF19BE68BF00AC9238</string>
			<key>isa</key>
			<string>PBXBuildFile</string>
		</dict>
		<key>3A709AB519BE68BF00AC9238</key>
		<dict>
			<key>fileRef</key>
			<string>3A709AB019BE68BF00AC9238</string>
			<key>isa</key>
			<string>PBXBuildFile</string>
		</dict>
		<key>3D5E0250C8A240A2922F55F7</key>
		<dict>
			<key>children</key>
			<array>
				<string>8A8322082DAA4E4E8840A4D1</string>
				<string>4BBF12C3327B45B5803FC9C5</string>
				<string>8C50D98031904B55BA82D2E5</string>
			</array>
			<key>isa</key>
			<string>PBXGroup</string>
			<key>name</key>
			<string>Frameworks</string>
			<key>sourceTree</key>
			<string>&lt;group&gt;</string>
		</dict>
		<key>4BBF12C3327B45B5803FC9C5</key>
		<dict>
			<key>explicitFileType</key>
			<string>archive.ar</string>
			<key>includeInIndex</key>
			<string>0</string>
			<key>isa</key>
			<string>PBXFileReference</string>
			<key>path</key>
			<string>libPods-VENTouchLockTests.a</string>
			<key>sourceTree</key>
			<string>BUILT_PRODUCTS_DIR</string>
		</dict>
		<key>578CFE7974F84E93ACDBAB3E</key>
		<dict>
			<key>buildActionMask</key>
			<string>2147483647</string>
			<key>files</key>
			<array/>
			<key>inputPaths</key>
			<array/>
			<key>isa</key>
			<string>PBXShellScriptBuildPhase</string>
			<key>name</key>
			<string>Check Pods Manifest.lock</string>
			<key>outputPaths</key>
			<array/>
			<key>runOnlyForDeploymentPostprocessing</key>
			<string>0</string>
			<key>shellPath</key>
			<string>/bin/sh</string>
			<key>shellScript</key>
			<string>diff "${PODS_ROOT}/../Podfile.lock" "${PODS_ROOT}/Manifest.lock" &gt; /dev/null
if [[ $? != 0 ]] ; then
    cat &lt;&lt; EOM
error: The sandbox is not in sync with the Podfile.lock. Run 'pod install' or update your CocoaPods installation.
EOM
    exit 1
fi
</string>
			<key>showEnvVarsInLog</key>
			<string>0</string>
		</dict>
		<key>7214AFB127B057149904A934</key>
		<dict>
			<key>includeInIndex</key>
			<string>1</string>
			<key>isa</key>
			<string>PBXFileReference</string>
			<key>lastKnownFileType</key>
			<string>text.xcconfig</string>
			<key>name</key>
			<string>Pods.release.xcconfig</string>
			<key>path</key>
			<string>Pods/Target Support Files/Pods/Pods.release.xcconfig</string>
			<key>sourceTree</key>
			<string>&lt;group&gt;</string>
		</dict>
		<key>8A8322082DAA4E4E8840A4D1</key>
		<dict>
			<key>explicitFileType</key>
			<string>archive.ar</string>
			<key>includeInIndex</key>
			<string>0</string>
			<key>isa</key>
			<string>PBXFileReference</string>
			<key>path</key>
			<string>libPods-VENTouchLock.a</string>
			<key>sourceTree</key>
			<string>BUILT_PRODUCTS_DIR</string>
		</dict>
		<key>8B971D45E9814AC3A4071695</key>
		<dict>
			<key>buildActionMask</key>
			<string>2147483647</string>
			<key>files</key>
			<array/>
			<key>inputPaths</key>
			<array/>
			<key>isa</key>
			<string>PBXShellScriptBuildPhase</string>
			<key>name</key>
			<string>Copy Pods Resources</string>
			<key>outputPaths</key>
			<array/>
			<key>runOnlyForDeploymentPostprocessing</key>
			<string>0</string>
			<key>shellPath</key>
			<string>/bin/sh</string>
			<key>shellScript</key>
			<string>"${SRCROOT}/Pods/Target Support Files/Pods-VENTouchLockTests/Pods-VENTouchLockTests-resources.sh"
</string>
			<key>showEnvVarsInLog</key>
			<string>0</string>
		</dict>
		<key>8C50D98031904B55BA82D2E5</key>
		<dict>
			<key>explicitFileType</key>
			<string>archive.ar</string>
			<key>includeInIndex</key>
			<string>0</string>
			<key>isa</key>
			<string>PBXFileReference</string>
			<key>path</key>
			<string>libPods.a</string>
			<key>sourceTree</key>
			<string>BUILT_PRODUCTS_DIR</string>
		</dict>
		<key>ACF4DE98AD7E614B0C1615BF</key>
		<dict>
			<key>includeInIndex</key>
			<string>1</string>
			<key>isa</key>
			<string>PBXFileReference</string>
			<key>lastKnownFileType</key>
			<string>text.xcconfig</string>
			<key>name</key>
			<string>Pods-VENTouchLockTests.release.xcconfig</string>
			<key>path</key>
			<string>Pods/Target Support Files/Pods-VENTouchLockTests/Pods-VENTouchLockTests.release.xcconfig</string>
			<key>sourceTree</key>
			<string>&lt;group&gt;</string>
		</dict>
		<key>AE7750A29BBEFCCFD46D3B6D</key>
		<dict>
			<key>children</key>
			<array>
				<string>EF1F7E543F036C4EB61FDC73</string>
				<string>7214AFB127B057149904A934</string>
				<string>3A4FE4165D8CB1C8FB147395</string>
				<string>ACF4DE98AD7E614B0C1615BF</string>
			</array>
			<key>isa</key>
			<string>PBXGroup</string>
			<key>name</key>
			<string>Pods</string>
			<key>sourceTree</key>
			<string>&lt;group&gt;</string>
		</dict>
		<key>B0AAA75C21C74F8DA9D13175</key>
		<dict>
			<key>fileRef</key>
			<string>4BBF12C3327B45B5803FC9C5</string>
			<key>isa</key>
			<string>PBXBuildFile</string>
		</dict>
		<key>DBA0684AD4E9464DAC14CC9A</key>
		<dict>
			<key>buildActionMask</key>
			<string>2147483647</string>
			<key>files</key>
			<array/>
			<key>inputPaths</key>
			<array/>
			<key>isa</key>
			<string>PBXShellScriptBuildPhase</string>
			<key>name</key>
			<string>Copy Pods Resources</string>
			<key>outputPaths</key>
			<array/>
			<key>runOnlyForDeploymentPostprocessing</key>
			<string>0</string>
			<key>shellPath</key>
			<string>/bin/sh</string>
			<key>shellScript</key>
			<string>"${SRCROOT}/Pods/Target Support Files/Pods/Pods-resources.sh"
</string>
			<key>showEnvVarsInLog</key>
			<string>0</string>
		</dict>
		<key>EF1F7E543F036C4EB61FDC73</key>
		<dict>
			<key>includeInIndex</key>
			<string>1</string>
			<key>isa</key>
			<string>PBXFileReference</string>
			<key>lastKnownFileType</key>
			<string>text.xcconfig</string>
			<key>name</key>
			<string>Pods.debug.xcconfig</string>
			<key>path</key>
			<string>Pods/Target Support Files/Pods/Pods.debug.xcconfig</string>
			<key>sourceTree</key>
			<string>&lt;group&gt;</string>
		</dict>
	</dict>
	<key>rootObject</key>
	<string>3A709A6719BE67D800AC9238</string>
</dict>
</plist>
