// !$*UTF8*$!
{
	archiveVersion = 1;
	classes = {
	};
	objectVersion = 46;
	objects = {

/* Begin PBXBuildFile section */
		391926401B07C9F2009571AC /* SSKeychain.framework in Frameworks */ = {isa = PBXBuildFile; fileRef = 3919263F1B07C9F2009571AC /* SSKeychain.framework */; };
		39443ADC1B080899005F246C /* OCMock.framework in Frameworks */ = {isa = PBXBuildFile; fileRef = 391417AB1B07E19A00881810 /* OCMock.framework */; };
		39BD57241B07E54600A2C6BC /* Expecta.framework in Frameworks */ = {isa = PBXBuildFile; fileRef = 39BD57221B07E54600A2C6BC /* Expecta.framework */; };
		39BD57251B07E54600A2C6BC /* Specta.framework in Frameworks */ = {isa = PBXBuildFile; fileRef = 39BD57231B07E54600A2C6BC /* Specta.framework */; };
		39BDA3361B07E6AA00CFD337 /* VENTouchLockSpec.m in Sources */ = {isa = PBXBuildFile; fileRef = 3A03EADA19C5E41A0095708C /* VENTouchLockSpec.m */; };
		39BDA3371B07E6AA00CFD337 /* VENTouchLockEnterPasscodeViewControllerSpec.m in Sources */ = {isa = PBXBuildFile; fileRef = 3A03EACA19C4F72C0095708C /* VENTouchLockEnterPasscodeViewControllerSpec.m */; };
		39BDA3381B07E6AA00CFD337 /* UIViewController+VENTouchLockSpec.m in Sources */ = {isa = PBXBuildFile; fileRef = 3A03EAD819C56C9E0095708C /* UIViewController+VENTouchLockSpec.m */; };
		39EDE7D31B07F0CD0093E9A3 /* VENTouchLock.framework in Frameworks */ = {isa = PBXBuildFile; fileRef = 3A709A7019BE67D800AC9238 /* VENTouchLock.framework */; };
		3A03EACC19C4FF1D0095708C /* VENTouchLockEnterPasscodeViewController.h in Headers */ = {isa = PBXBuildFile; fileRef = 3A709A9819BE68A300AC9238 /* VENTouchLockEnterPasscodeViewController.h */; settings = {ATTRIBUTES = (Public, ); }; };
		3A5C456719D9C16B00E86B7C /* VENTouchLockAppearance.h in Headers */ = {isa = PBXBuildFile; fileRef = 3A5C456519D9C16B00E86B7C /* VENTouchLockAppearance.h */; settings = {ATTRIBUTES = (Public, ); }; };
		3A5C456819D9C16B00E86B7C /* VENTouchLockAppearance.m in Sources */ = {isa = PBXBuildFile; fileRef = 3A5C456619D9C16B00E86B7C /* VENTouchLockAppearance.m */; };
		3A709A7619BE67D800AC9238 /* VENTouchLock.h in Headers */ = {isa = PBXBuildFile; fileRef = 3A709A7519BE67D800AC9238 /* VENTouchLock.h */; settings = {ATTRIBUTES = (Public, ); }; };
		3A709A8A19BE686900AC9238 /* VENTouchLock.m in Sources */ = {isa = PBXBuildFile; fileRef = 3A709A8919BE686900AC9238 /* VENTouchLock.m */; };
		3A709A9219BE688000AC9238 /* UIViewController+VENTouchLock.h in Headers */ = {isa = PBXBuildFile; fileRef = 3A709A8E19BE688000AC9238 /* UIViewController+VENTouchLock.h */; settings = {ATTRIBUTES = (Public, ); }; };
		3A709A9319BE688000AC9238 /* UIViewController+VENTouchLock.m in Sources */ = {isa = PBXBuildFile; fileRef = 3A709A8F19BE688000AC9238 /* UIViewController+VENTouchLock.m */; };
		3A709AA419BE68A300AC9238 /* VENTouchLockEnterPasscodeViewController.m in Sources */ = {isa = PBXBuildFile; fileRef = 3A709A9919BE68A300AC9238 /* VENTouchLockEnterPasscodeViewController.m */; };
		3A709AA519BE68A300AC9238 /* VENTouchLockPasscodeViewController.h in Headers */ = {isa = PBXBuildFile; fileRef = 3A709A9A19BE68A300AC9238 /* VENTouchLockPasscodeViewController.h */; settings = {ATTRIBUTES = (Public, ); }; };
		3A709AA619BE68A300AC9238 /* VENTouchLockPasscodeViewController.m in Sources */ = {isa = PBXBuildFile; fileRef = 3A709A9B19BE68A300AC9238 /* VENTouchLockPasscodeViewController.m */; };
		3A709AA719BE68A300AC9238 /* VENTouchLockCreatePasscodeViewController.h in Headers */ = {isa = PBXBuildFile; fileRef = 3A709A9C19BE68A300AC9238 /* VENTouchLockCreatePasscodeViewController.h */; settings = {ATTRIBUTES = (Public, ); }; };
		3A709AA819BE68A300AC9238 /* VENTouchLockCreatePasscodeViewController.m in Sources */ = {isa = PBXBuildFile; fileRef = 3A709A9D19BE68A300AC9238 /* VENTouchLockCreatePasscodeViewController.m */; };
		3A709AA919BE68A300AC9238 /* VENTouchLockSplashViewController.h in Headers */ = {isa = PBXBuildFile; fileRef = 3A709A9E19BE68A300AC9238 /* VENTouchLockSplashViewController.h */; settings = {ATTRIBUTES = (Public, ); }; };
		3A709AAA19BE68A300AC9238 /* VENTouchLockSplashViewController.m in Sources */ = {isa = PBXBuildFile; fileRef = 3A709A9F19BE68A300AC9238 /* VENTouchLockSplashViewController.m */; };
		3A709AB119BE68BF00AC9238 /* VENTouchLockPasscodeCharacterView.h in Headers */ = {isa = PBXBuildFile; fileRef = 3A709AAC19BE68BF00AC9238 /* VENTouchLockPasscodeCharacterView.h */; settings = {ATTRIBUTES = (Public, ); }; };
		3A709AB219BE68BF00AC9238 /* VENTouchLockPasscodeCharacterView.m in Sources */ = {isa = PBXBuildFile; fileRef = 3A709AAD19BE68BF00AC9238 /* VENTouchLockPasscodeCharacterView.m */; };
		3A709AB319BE68BF00AC9238 /* VENTouchLockPasscodeView.h in Headers */ = {isa = PBXBuildFile; fileRef = 3A709AAE19BE68BF00AC9238 /* VENTouchLockPasscodeView.h */; settings = {ATTRIBUTES = (Public, ); }; };
		3A709AB419BE68BF00AC9238 /* VENTouchLockPasscodeView.m in Sources */ = {isa = PBXBuildFile; fileRef = 3A709AAF19BE68BF00AC9238 /* VENTouchLockPasscodeView.m */; };
		3A709AB519BE68BF00AC9238 /* VENTouchLockPasscodeView.xib in Resources */ = {isa = PBXBuildFile; fileRef = 3A709AB019BE68BF00AC9238 /* VENTouchLockPasscodeView.xib */; };
/* End PBXBuildFile section */

/* Begin PBXContainerItemProxy section */
		39BDA33A1B07E80600CFD337 /* PBXContainerItemProxy */ = {
			isa = PBXContainerItemProxy;
			containerPortal = 3A709A6719BE67D800AC9238 /* Project object */;
			proxyType = 1;
			remoteGlobalIDString = 3A709A6F19BE67D800AC9238;
			remoteInfo = VENTouchLock;
		};
/* End PBXContainerItemProxy section */

/* Begin PBXFileReference section */
		391417AB1B07E19A00881810 /* OCMock.framework */ = {isa = PBXFileReference; lastKnownFileType = wrapper.framework; name = OCMock.framework; path = Carthage/Build/iOS/OCMock.framework; sourceTree = "<group>"; };
		3919263F1B07C9F2009571AC /* SSKeychain.framework */ = {isa = PBXFileReference; lastKnownFileType = wrapper.framework; name = SSKeychain.framework; path = Carthage/Build/iOS/SSKeychain.framework; sourceTree = "<group>"; };
		39443ADF1B080A32005F246C /* OCMock.framework */ = {isa = PBXFileReference; lastKnownFileType = wrapper.framework; name = OCMock.framework; path = Carthage/Build/iOS/OCMock.framework; sourceTree = "<group>"; };
		39443AE11B080A7E005F246C /* Expecta.framework */ = {isa = PBXFileReference; lastKnownFileType = wrapper.framework; name = Expecta.framework; path = Carthage/Build/iOS/Expecta.framework; sourceTree = "<group>"; };
		39443AE31B080A93005F246C /* Specta.framework */ = {isa = PBXFileReference; lastKnownFileType = wrapper.framework; name = Specta.framework; path = Carthage/Build/iOS/Specta.framework; sourceTree = "<group>"; };
		39BD57221B07E54600A2C6BC /* Expecta.framework */ = {isa = PBXFileReference; lastKnownFileType = wrapper.framework; name = Expecta.framework; path = Carthage/Build/iOS/Expecta.framework; sourceTree = "<group>"; };
		39BD57231B07E54600A2C6BC /* Specta.framework */ = {isa = PBXFileReference; lastKnownFileType = wrapper.framework; name = Specta.framework; path = Carthage/Build/iOS/Specta.framework; sourceTree = "<group>"; };
		3A03EAC919C4F4E40095708C /* VENTouchLockTests-Prefix.pch */ = {isa = PBXFileReference; fileEncoding = 4; lastKnownFileType = sourcecode.c.h; path = "VENTouchLockTests-Prefix.pch"; sourceTree = "<group>"; };
		3A03EACA19C4F72C0095708C /* VENTouchLockEnterPasscodeViewControllerSpec.m */ = {isa = PBXFileReference; fileEncoding = 4; lastKnownFileType = sourcecode.c.objc; path = VENTouchLockEnterPasscodeViewControllerSpec.m; sourceTree = "<group>"; };
		3A03EAD819C56C9E0095708C /* UIViewController+VENTouchLockSpec.m */ = {isa = PBXFileReference; fileEncoding = 4; lastKnownFileType = sourcecode.c.objc; path = "UIViewController+VENTouchLockSpec.m"; sourceTree = "<group>"; };
		3A03EADA19C5E41A0095708C /* VENTouchLockSpec.m */ = {isa = PBXFileReference; fileEncoding = 4; lastKnownFileType = sourcecode.c.objc; path = VENTouchLockSpec.m; sourceTree = "<group>"; };
		3A5C456519D9C16B00E86B7C /* VENTouchLockAppearance.h */ = {isa = PBXFileReference; fileEncoding = 4; lastKnownFileType = sourcecode.c.h; name = VENTouchLockAppearance.h; path = Models/VENTouchLockAppearance.h; sourceTree = "<group>"; };
		3A5C456619D9C16B00E86B7C /* VENTouchLockAppearance.m */ = {isa = PBXFileReference; fileEncoding = 4; lastKnownFileType = sourcecode.c.objc; name = VENTouchLockAppearance.m; path = Models/VENTouchLockAppearance.m; sourceTree = "<group>"; };
		3A709A7019BE67D800AC9238 /* VENTouchLock.framework */ = {isa = PBXFileReference; explicitFileType = wrapper.framework; includeInIndex = 0; path = VENTouchLock.framework; sourceTree = BUILT_PRODUCTS_DIR; };
		3A709A7419BE67D800AC9238 /* Info.plist */ = {isa = PBXFileReference; lastKnownFileType = text.plist.xml; path = Info.plist; sourceTree = "<group>"; };
		3A709A7519BE67D800AC9238 /* VENTouchLock.h */ = {isa = PBXFileReference; lastKnownFileType = sourcecode.c.h; path = VENTouchLock.h; sourceTree = "<group>"; };
		3A709A7B19BE67D800AC9238 /* VENTouchLockTests.xctest */ = {isa = PBXFileReference; explicitFileType = wrapper.cfbundle; includeInIndex = 0; path = VENTouchLockTests.xctest; sourceTree = BUILT_PRODUCTS_DIR; };
		3A709A7E19BE67D800AC9238 /* Info.plist */ = {isa = PBXFileReference; lastKnownFileType = text.plist.xml; path = Info.plist; sourceTree = "<group>"; };
		3A709A8919BE686900AC9238 /* VENTouchLock.m */ = {isa = PBXFileReference; fileEncoding = 4; lastKnownFileType = sourcecode.c.objc; path = VENTouchLock.m; sourceTree = "<group>"; };
		3A709A8E19BE688000AC9238 /* UIViewController+VENTouchLock.h */ = {isa = PBXFileReference; fileEncoding = 4; lastKnownFileType = sourcecode.c.h; name = "UIViewController+VENTouchLock.h"; path = "Categories/UIViewController+VENTouchLock.h"; sourceTree = "<group>"; };
		3A709A8F19BE688000AC9238 /* UIViewController+VENTouchLock.m */ = {isa = PBXFileReference; fileEncoding = 4; lastKnownFileType = sourcecode.c.objc; name = "UIViewController+VENTouchLock.m"; path = "Categories/UIViewController+VENTouchLock.m"; sourceTree = "<group>"; };
		3A709A9819BE68A300AC9238 /* VENTouchLockEnterPasscodeViewController.h */ = {isa = PBXFileReference; fileEncoding = 4; lastKnownFileType = sourcecode.c.h; name = VENTouchLockEnterPasscodeViewController.h; path = Controllers/VENTouchLockEnterPasscodeViewController.h; sourceTree = "<group>"; };
		3A709A9919BE68A300AC9238 /* VENTouchLockEnterPasscodeViewController.m */ = {isa = PBXFileReference; fileEncoding = 4; lastKnownFileType = sourcecode.c.objc; name = VENTouchLockEnterPasscodeViewController.m; path = Controllers/VENTouchLockEnterPasscodeViewController.m; sourceTree = "<group>"; };
		3A709A9A19BE68A300AC9238 /* VENTouchLockPasscodeViewController.h */ = {isa = PBXFileReference; fileEncoding = 4; lastKnownFileType = sourcecode.c.h; name = VENTouchLockPasscodeViewController.h; path = Controllers/VENTouchLockPasscodeViewController.h; sourceTree = "<group>"; };
		3A709A9B19BE68A300AC9238 /* VENTouchLockPasscodeViewController.m */ = {isa = PBXFileReference; fileEncoding = 4; lastKnownFileType = sourcecode.c.objc; name = VENTouchLockPasscodeViewController.m; path = Controllers/VENTouchLockPasscodeViewController.m; sourceTree = "<group>"; };
		3A709A9C19BE68A300AC9238 /* VENTouchLockCreatePasscodeViewController.h */ = {isa = PBXFileReference; fileEncoding = 4; lastKnownFileType = sourcecode.c.h; name = VENTouchLockCreatePasscodeViewController.h; path = Controllers/VENTouchLockCreatePasscodeViewController.h; sourceTree = "<group>"; };
		3A709A9D19BE68A300AC9238 /* VENTouchLockCreatePasscodeViewController.m */ = {isa = PBXFileReference; fileEncoding = 4; lastKnownFileType = sourcecode.c.objc; name = VENTouchLockCreatePasscodeViewController.m; path = Controllers/VENTouchLockCreatePasscodeViewController.m; sourceTree = "<group>"; };
		3A709A9E19BE68A300AC9238 /* VENTouchLockSplashViewController.h */ = {isa = PBXFileReference; fileEncoding = 4; lastKnownFileType = sourcecode.c.h; name = VENTouchLockSplashViewController.h; path = Controllers/VENTouchLockSplashViewController.h; sourceTree = "<group>"; };
		3A709A9F19BE68A300AC9238 /* VENTouchLockSplashViewController.m */ = {isa = PBXFileReference; fileEncoding = 4; lastKnownFileType = sourcecode.c.objc; name = VENTouchLockSplashViewController.m; path = Controllers/VENTouchLockSplashViewController.m; sourceTree = "<group>"; };
		3A709AAC19BE68BF00AC9238 /* VENTouchLockPasscodeCharacterView.h */ = {isa = PBXFileReference; fileEncoding = 4; lastKnownFileType = sourcecode.c.h; name = VENTouchLockPasscodeCharacterView.h; path = Views/VENTouchLockPasscodeCharacterView.h; sourceTree = "<group>"; };
		3A709AAD19BE68BF00AC9238 /* VENTouchLockPasscodeCharacterView.m */ = {isa = PBXFileReference; fileEncoding = 4; lastKnownFileType = sourcecode.c.objc; name = VENTouchLockPasscodeCharacterView.m; path = Views/VENTouchLockPasscodeCharacterView.m; sourceTree = "<group>"; };
		3A709AAE19BE68BF00AC9238 /* VENTouchLockPasscodeView.h */ = {isa = PBXFileReference; fileEncoding = 4; lastKnownFileType = sourcecode.c.h; name = VENTouchLockPasscodeView.h; path = Views/VENTouchLockPasscodeView.h; sourceTree = "<group>"; };
		3A709AAF19BE68BF00AC9238 /* VENTouchLockPasscodeView.m */ = {isa = PBXFileReference; fileEncoding = 4; lastKnownFileType = sourcecode.c.objc; name = VENTouchLockPasscodeView.m; path = Views/VENTouchLockPasscodeView.m; sourceTree = "<group>"; };
		3A709AB019BE68BF00AC9238 /* VENTouchLockPasscodeView.xib */ = {isa = PBXFileReference; fileEncoding = 4; lastKnownFileType = file.xib; name = VENTouchLockPasscodeView.xib; path = Views/VENTouchLockPasscodeView.xib; sourceTree = "<group>"; };
/* End PBXFileReference section */

/* Begin PBXFrameworksBuildPhase section */
		3A709A6C19BE67D800AC9238 /* Frameworks */ = {
			isa = PBXFrameworksBuildPhase;
			buildActionMask = 2147483647;
			files = (
				391926401B07C9F2009571AC /* SSKeychain.framework in Frameworks */,
			);
			runOnlyForDeploymentPostprocessing = 0;
		};
		3A709A7819BE67D800AC9238 /* Frameworks */ = {
			isa = PBXFrameworksBuildPhase;
			buildActionMask = 2147483647;
			files = (
				39EDE7D31B07F0CD0093E9A3 /* VENTouchLock.framework in Frameworks */,
				39443ADC1B080899005F246C /* OCMock.framework in Frameworks */,
				39BD57241B07E54600A2C6BC /* Expecta.framework in Frameworks */,
				39BD57251B07E54600A2C6BC /* Specta.framework in Frameworks */,
			);
			runOnlyForDeploymentPostprocessing = 0;
		};
/* End PBXFrameworksBuildPhase section */

/* Begin PBXGroup section */
		391926411B07CA07009571AC /* Frameworks */ = {
			isa = PBXGroup;
			children = (
				39BD57221B07E54600A2C6BC /* Expecta.framework */,
				39BD57231B07E54600A2C6BC /* Specta.framework */,
				391417AB1B07E19A00881810 /* OCMock.framework */,
				3919263F1B07C9F2009571AC /* SSKeychain.framework */,
			);
			name = Frameworks;
			sourceTree = "<group>";
		};
		3A5C456419D9C15F00E86B7C /* Models */ = {
			isa = PBXGroup;
			children = (
				3A5C456519D9C16B00E86B7C /* VENTouchLockAppearance.h */,
				3A5C456619D9C16B00E86B7C /* VENTouchLockAppearance.m */,
			);
			name = Models;
			sourceTree = "<group>";
		};
		3A709A6619BE67D800AC9238 = {
			isa = PBXGroup;
			children = (
				39443AE31B080A93005F246C /* Specta.framework */,
				39443AE11B080A7E005F246C /* Expecta.framework */,
				39443ADF1B080A32005F246C /* OCMock.framework */,
				3A709A7219BE67D800AC9238 /* VENTouchLock */,
				3A709A7C19BE67D800AC9238 /* VENTouchLockTests */,
				3A709A7119BE67D800AC9238 /* Products */,
				391926411B07CA07009571AC /* Frameworks */,
			);
			sourceTree = "<group>";
		};
		3A709A7119BE67D800AC9238 /* Products */ = {
			isa = PBXGroup;
			children = (
				3A709A7019BE67D800AC9238 /* VENTouchLock.framework */,
				3A709A7B19BE67D800AC9238 /* VENTouchLockTests.xctest */,
			);
			name = Products;
			sourceTree = "<group>";
		};
		3A709A7219BE67D800AC9238 /* VENTouchLock */ = {
			isa = PBXGroup;
			children = (
				3A709A7519BE67D800AC9238 /* VENTouchLock.h */,
				3A709A8919BE686900AC9238 /* VENTouchLock.m */,
				3A5C456419D9C15F00E86B7C /* Models */,
				3A709A9419BE688E00AC9238 /* Controllers */,
				3A709AAB19BE68B400AC9238 /* Views */,
				3A709A8B19BE687100AC9238 /* Categories */,
				3A709A7319BE67D800AC9238 /* Supporting Files */,
			);
			path = VENTouchLock;
			sourceTree = "<group>";
		};
		3A709A7319BE67D800AC9238 /* Supporting Files */ = {
			isa = PBXGroup;
			children = (
				3A709A7419BE67D800AC9238 /* Info.plist */,
			);
			name = "Supporting Files";
			sourceTree = "<group>";
		};
		3A709A7C19BE67D800AC9238 /* VENTouchLockTests */ = {
			isa = PBXGroup;
			children = (
				3A03EADA19C5E41A0095708C /* VENTouchLockSpec.m */,
				3A03EACA19C4F72C0095708C /* VENTouchLockEnterPasscodeViewControllerSpec.m */,
				3A03EAD819C56C9E0095708C /* UIViewController+VENTouchLockSpec.m */,
				3A709A7D19BE67D800AC9238 /* Supporting Files */,
			);
			path = VENTouchLockTests;
			sourceTree = "<group>";
		};
		3A709A7D19BE67D800AC9238 /* Supporting Files */ = {
			isa = PBXGroup;
			children = (
				3A709A7E19BE67D800AC9238 /* Info.plist */,
				3A03EAC919C4F4E40095708C /* VENTouchLockTests-Prefix.pch */,
			);
			name = "Supporting Files";
			sourceTree = "<group>";
		};
		3A709A8B19BE687100AC9238 /* Categories */ = {
			isa = PBXGroup;
			children = (
				3A709A8E19BE688000AC9238 /* UIViewController+VENTouchLock.h */,
				3A709A8F19BE688000AC9238 /* UIViewController+VENTouchLock.m */,
			);
			name = Categories;
			sourceTree = "<group>";
		};
		3A709A9419BE688E00AC9238 /* Controllers */ = {
			isa = PBXGroup;
			children = (
				3A709A9819BE68A300AC9238 /* VENTouchLockEnterPasscodeViewController.h */,
				3A709A9919BE68A300AC9238 /* VENTouchLockEnterPasscodeViewController.m */,
				3A709A9A19BE68A300AC9238 /* VENTouchLockPasscodeViewController.h */,
				3A709A9B19BE68A300AC9238 /* VENTouchLockPasscodeViewController.m */,
				3A709A9C19BE68A300AC9238 /* VENTouchLockCreatePasscodeViewController.h */,
				3A709A9D19BE68A300AC9238 /* VENTouchLockCreatePasscodeViewController.m */,
				3A709A9E19BE68A300AC9238 /* VENTouchLockSplashViewController.h */,
				3A709A9F19BE68A300AC9238 /* VENTouchLockSplashViewController.m */,
			);
			name = Controllers;
			sourceTree = "<group>";
		};
		3A709AAB19BE68B400AC9238 /* Views */ = {
			isa = PBXGroup;
			children = (
				3A709AAC19BE68BF00AC9238 /* VENTouchLockPasscodeCharacterView.h */,
				3A709AAD19BE68BF00AC9238 /* VENTouchLockPasscodeCharacterView.m */,
				3A709AAE19BE68BF00AC9238 /* VENTouchLockPasscodeView.h */,
				3A709AAF19BE68BF00AC9238 /* VENTouchLockPasscodeView.m */,
				3A709AB019BE68BF00AC9238 /* VENTouchLockPasscodeView.xib */,
			);
			name = Views;
			sourceTree = "<group>";
		};
/* End PBXGroup section */

/* Begin PBXHeadersBuildPhase section */
		3A709A6D19BE67D800AC9238 /* Headers */ = {
			isa = PBXHeadersBuildPhase;
			buildActionMask = 2147483647;
			files = (
				3A709A7619BE67D800AC9238 /* VENTouchLock.h in Headers */,
				3A709A9219BE688000AC9238 /* UIViewController+VENTouchLock.h in Headers */,
				3A03EACC19C4FF1D0095708C /* VENTouchLockEnterPasscodeViewController.h in Headers */,
				3A5C456719D9C16B00E86B7C /* VENTouchLockAppearance.h in Headers */,
				3A709AA919BE68A300AC9238 /* VENTouchLockSplashViewController.h in Headers */,
				3A709AB319BE68BF00AC9238 /* VENTouchLockPasscodeView.h in Headers */,
				3A709AA719BE68A300AC9238 /* VENTouchLockCreatePasscodeViewController.h in Headers */,
				3A709AB119BE68BF00AC9238 /* VENTouchLockPasscodeCharacterView.h in Headers */,
				3A709AA519BE68A300AC9238 /* VENTouchLockPasscodeViewController.h in Headers */,
			);
			runOnlyForDeploymentPostprocessing = 0;
		};
/* End PBXHeadersBuildPhase section */

/* Begin PBXNativeTarget section */
		3A709A6F19BE67D800AC9238 /* VENTouchLock */ = {
			isa = PBXNativeTarget;
			buildConfigurationList = 3A709A8319BE67D800AC9238 /* Build configuration list for PBXNativeTarget "VENTouchLock" */;
			buildPhases = (
				3A709A6B19BE67D800AC9238 /* Sources */,
				3A709A6C19BE67D800AC9238 /* Frameworks */,
				3A709A6D19BE67D800AC9238 /* Headers */,
				3A709A6E19BE67D800AC9238 /* Resources */,
				39E6FAA01B080DD100A108A0 /* ShellScript */,
			);
			buildRules = (
			);
			dependencies = (
			);
			name = VENTouchLock;
			productName = VENTouchLock;
			productReference = 3A709A7019BE67D800AC9238 /* VENTouchLock.framework */;
			productType = "com.apple.product-type.framework";
		};
		3A709A7A19BE67D800AC9238 /* VENTouchLockTests */ = {
			isa = PBXNativeTarget;
			buildConfigurationList = 3A709A8619BE67D800AC9238 /* Build configuration list for PBXNativeTarget "VENTouchLockTests" */;
			buildPhases = (
				3A709A7719BE67D800AC9238 /* Sources */,
				39E6FA9F1B080D8100A108A0 /* ShellScript */,
				3A709A7819BE67D800AC9238 /* Frameworks */,
				3A709A7919BE67D800AC9238 /* Resources */,
			);
			buildRules = (
			);
			dependencies = (
				39BDA33B1B07E80600CFD337 /* PBXTargetDependency */,
			);
			name = VENTouchLockTests;
			productName = VENTouchLockTests;
			productReference = 3A709A7B19BE67D800AC9238 /* VENTouchLockTests.xctest */;
			productType = "com.apple.product-type.bundle.unit-test";
		};
/* End PBXNativeTarget section */

/* Begin PBXProject section */
		3A709A6719BE67D800AC9238 /* Project object */ = {
			isa = PBXProject;
			attributes = {
				LastUpgradeCheck = 0600;
				ORGANIZATIONNAME = Venmo;
				TargetAttributes = {
					3A709A6F19BE67D800AC9238 = {
						CreatedOnToolsVersion = 6.0;
					};
					3A709A7A19BE67D800AC9238 = {
						CreatedOnToolsVersion = 6.0;
					};
				};
			};
			buildConfigurationList = 3A709A6A19BE67D800AC9238 /* Build configuration list for PBXProject "VENTouchLock" */;
			compatibilityVersion = "Xcode 3.2";
			developmentRegion = English;
			hasScannedForEncodings = 0;
			knownRegions = (
				en,
			);
			mainGroup = 3A709A6619BE67D800AC9238;
			productRefGroup = 3A709A7119BE67D800AC9238 /* Products */;
			projectDirPath = "";
			projectRoot = "";
			targets = (
				3A709A6F19BE67D800AC9238 /* VENTouchLock */,
				3A709A7A19BE67D800AC9238 /* VENTouchLockTests */,
			);
		};
/* End PBXProject section */

/* Begin PBXResourcesBuildPhase section */
		3A709A6E19BE67D800AC9238 /* Resources */ = {
			isa = PBXResourcesBuildPhase;
			buildActionMask = 2147483647;
			files = (
				3A709AB519BE68BF00AC9238 /* VENTouchLockPasscodeView.xib in Resources */,
			);
			runOnlyForDeploymentPostprocessing = 0;
		};
		3A709A7919BE67D800AC9238 /* Resources */ = {
			isa = PBXResourcesBuildPhase;
			buildActionMask = 2147483647;
			files = (
			);
			runOnlyForDeploymentPostprocessing = 0;
		};
/* End PBXResourcesBuildPhase section */

/* Begin PBXShellScriptBuildPhase section */
		39E6FA9F1B080D8100A108A0 /* ShellScript */ = {
			isa = PBXShellScriptBuildPhase;
			buildActionMask = 2147483647;
			files = (
			);
			inputPaths = (
				"$(SRCROOT)/Carthage/Build/iOS/Specta.framework",
				"$(SRCROOT)/Carthage/Build/iOS/Expecta.framework",
				"$(SRCROOT)/Carthage/Build/iOS/OCMock.framework",
			);
			outputPaths = (
			);
			runOnlyForDeploymentPostprocessing = 0;
			shellPath = /bin/sh;
			shellScript = "/usr/local/bin/carthage copy-frameworks";
		};
		39E6FAA01B080DD100A108A0 /* ShellScript */ = {
			isa = PBXShellScriptBuildPhase;
			buildActionMask = 2147483647;
			files = (
			);
			inputPaths = (
				"$(SRCROOT)/Carthage/Build/iOS/SSKeychain.framework",
			);
			outputPaths = (
			);
			runOnlyForDeploymentPostprocessing = 0;
			shellPath = /bin/sh;
			shellScript = "/usr/local/bin/carthage copy-frameworks";
		};
/* End PBXShellScriptBuildPhase section */

/* Begin PBXSourcesBuildPhase section */
		3A709A6B19BE67D800AC9238 /* Sources */ = {
			isa = PBXSourcesBuildPhase;
			buildActionMask = 2147483647;
			files = (
				3A709AA419BE68A300AC9238 /* VENTouchLockEnterPasscodeViewController.m in Sources */,
				3A709A9319BE688000AC9238 /* UIViewController+VENTouchLock.m in Sources */,
				3A709A8A19BE686900AC9238 /* VENTouchLock.m in Sources */,
				3A709AAA19BE68A300AC9238 /* VENTouchLockSplashViewController.m in Sources */,
				3A709AB219BE68BF00AC9238 /* VENTouchLockPasscodeCharacterView.m in Sources */,
				3A709AA819BE68A300AC9238 /* VENTouchLockCreatePasscodeViewController.m in Sources */,
				3A709AA619BE68A300AC9238 /* VENTouchLockPasscodeViewController.m in Sources */,
				3A5C456819D9C16B00E86B7C /* VENTouchLockAppearance.m in Sources */,
				3A709AB419BE68BF00AC9238 /* VENTouchLockPasscodeView.m in Sources */,
			);
			runOnlyForDeploymentPostprocessing = 0;
		};
		3A709A7719BE67D800AC9238 /* Sources */ = {
			isa = PBXSourcesBuildPhase;
			buildActionMask = 2147483647;
			files = (
				39BDA3361B07E6AA00CFD337 /* VENTouchLockSpec.m in Sources */,
				39BDA3371B07E6AA00CFD337 /* VENTouchLockEnterPasscodeViewControllerSpec.m in Sources */,
				39BDA3381B07E6AA00CFD337 /* UIViewController+VENTouchLockSpec.m in Sources */,
			);
			runOnlyForDeploymentPostprocessing = 0;
		};
/* End PBXSourcesBuildPhase section */

/* Begin PBXTargetDependency section */
		39BDA33B1B07E80600CFD337 /* PBXTargetDependency */ = {
			isa = PBXTargetDependency;
			target = 3A709A6F19BE67D800AC9238 /* VENTouchLock */;
			targetProxy = 39BDA33A1B07E80600CFD337 /* PBXContainerItemProxy */;
		};
/* End PBXTargetDependency section */

/* Begin XCBuildConfiguration section */
		3A709A8119BE67D800AC9238 /* Debug */ = {
			isa = XCBuildConfiguration;
			buildSettings = {
				ALWAYS_SEARCH_USER_PATHS = NO;
				CLANG_CXX_LANGUAGE_STANDARD = "gnu++0x";
				CLANG_CXX_LIBRARY = "libc++";
				CLANG_ENABLE_MODULES = YES;
				CLANG_ENABLE_OBJC_ARC = YES;
				CLANG_WARN_BOOL_CONVERSION = YES;
				CLANG_WARN_CONSTANT_CONVERSION = YES;
				CLANG_WARN_DIRECT_OBJC_ISA_USAGE = YES_ERROR;
				CLANG_WARN_EMPTY_BODY = YES;
				CLANG_WARN_ENUM_CONVERSION = YES;
				CLANG_WARN_INT_CONVERSION = YES;
				CLANG_WARN_OBJC_ROOT_CLASS = YES_ERROR;
				CLANG_WARN_UNREACHABLE_CODE = YES;
				CLANG_WARN__DUPLICATE_METHOD_MATCH = YES;
				"CODE_SIGN_IDENTITY[sdk=iphoneos*]" = "iPhone Developer";
				COPY_PHASE_STRIP = NO;
				CURRENT_PROJECT_VERSION = 1;
				ENABLE_STRICT_OBJC_MSGSEND = YES;
				GCC_C_LANGUAGE_STANDARD = gnu99;
				GCC_DYNAMIC_NO_PIC = NO;
				GCC_OPTIMIZATION_LEVEL = 0;
				GCC_PREPROCESSOR_DEFINITIONS = (
					"DEBUG=1",
					"$(inherited)",
				);
				GCC_SYMBOLS_PRIVATE_EXTERN = NO;
				GCC_WARN_64_TO_32_BIT_CONVERSION = YES;
				GCC_WARN_ABOUT_RETURN_TYPE = YES_ERROR;
				GCC_WARN_UNDECLARED_SELECTOR = YES;
				GCC_WARN_UNINITIALIZED_AUTOS = YES_AGGRESSIVE;
				GCC_WARN_UNUSED_FUNCTION = YES;
				GCC_WARN_UNUSED_VARIABLE = YES;
				IPHONEOS_DEPLOYMENT_TARGET = 8.0;
				MTL_ENABLE_DEBUG_INFO = YES;
				ONLY_ACTIVE_ARCH = YES;
				SDKROOT = iphoneos;
				TARGETED_DEVICE_FAMILY = "1,2";
				VERSIONING_SYSTEM = "apple-generic";
				VERSION_INFO_PREFIX = "";
			};
			name = Debug;
		};
		3A709A8219BE67D800AC9238 /* Release */ = {
			isa = XCBuildConfiguration;
			buildSettings = {
				ALWAYS_SEARCH_USER_PATHS = NO;
				CLANG_CXX_LANGUAGE_STANDARD = "gnu++0x";
				CLANG_CXX_LIBRARY = "libc++";
				CLANG_ENABLE_MODULES = YES;
				CLANG_ENABLE_OBJC_ARC = YES;
				CLANG_WARN_BOOL_CONVERSION = YES;
				CLANG_WARN_CONSTANT_CONVERSION = YES;
				CLANG_WARN_DIRECT_OBJC_ISA_USAGE = YES_ERROR;
				CLANG_WARN_EMPTY_BODY = YES;
				CLANG_WARN_ENUM_CONVERSION = YES;
				CLANG_WARN_INT_CONVERSION = YES;
				CLANG_WARN_OBJC_ROOT_CLASS = YES_ERROR;
				CLANG_WARN_UNREACHABLE_CODE = YES;
				CLANG_WARN__DUPLICATE_METHOD_MATCH = YES;
				"CODE_SIGN_IDENTITY[sdk=iphoneos*]" = "iPhone Developer";
				COPY_PHASE_STRIP = YES;
				CURRENT_PROJECT_VERSION = 1;
				ENABLE_NS_ASSERTIONS = NO;
				ENABLE_STRICT_OBJC_MSGSEND = YES;
				GCC_C_LANGUAGE_STANDARD = gnu99;
				GCC_WARN_64_TO_32_BIT_CONVERSION = YES;
				GCC_WARN_ABOUT_RETURN_TYPE = YES_ERROR;
				GCC_WARN_UNDECLARED_SELECTOR = YES;
				GCC_WARN_UNINITIALIZED_AUTOS = YES_AGGRESSIVE;
				GCC_WARN_UNUSED_FUNCTION = YES;
				GCC_WARN_UNUSED_VARIABLE = YES;
				IPHONEOS_DEPLOYMENT_TARGET = 8.0;
				MTL_ENABLE_DEBUG_INFO = NO;
				SDKROOT = iphoneos;
				TARGETED_DEVICE_FAMILY = "1,2";
				VALIDATE_PRODUCT = YES;
				VERSIONING_SYSTEM = "apple-generic";
				VERSION_INFO_PREFIX = "";
			};
			name = Release;
		};
		3A709A8419BE67D800AC9238 /* Debug */ = {
			isa = XCBuildConfiguration;
			buildSettings = {
				CODE_SIGN_IDENTITY = "iPhone Developer";
				DEFINES_MODULE = YES;
				DYLIB_COMPATIBILITY_VERSION = 1;
				DYLIB_CURRENT_VERSION = 1;
				DYLIB_INSTALL_NAME_BASE = "@rpath";
				FRAMEWORK_SEARCH_PATHS = (
					"$(inherited)",
					"$(PROJECT_DIR)/Carthage/Build/iOS",
				);
				INFOPLIST_FILE = VENTouchLock/Info.plist;
				INSTALL_PATH = "$(LOCAL_LIBRARY_DIR)/Frameworks";
				LD_RUNPATH_SEARCH_PATHS = "$(inherited) @executable_path/Frameworks @loader_path/Frameworks";
				PRODUCT_NAME = "$(TARGET_NAME)";
				SKIP_INSTALL = YES;
			};
			name = Debug;
		};
		3A709A8519BE67D800AC9238 /* Release */ = {
			isa = XCBuildConfiguration;
			buildSettings = {
				DEFINES_MODULE = YES;
				DYLIB_COMPATIBILITY_VERSION = 1;
				DYLIB_CURRENT_VERSION = 1;
				DYLIB_INSTALL_NAME_BASE = "@rpath";
				FRAMEWORK_SEARCH_PATHS = (
					"$(inherited)",
					"$(PROJECT_DIR)/Carthage/Build/iOS",
				);
				INFOPLIST_FILE = VENTouchLock/Info.plist;
				INSTALL_PATH = "$(LOCAL_LIBRARY_DIR)/Frameworks";
				LD_RUNPATH_SEARCH_PATHS = "$(inherited) @executable_path/Frameworks @loader_path/Frameworks";
				PRODUCT_NAME = "$(TARGET_NAME)";
				SKIP_INSTALL = YES;
			};
			name = Release;
		};
		3A709A8719BE67D800AC9238 /* Debug */ = {
			isa = XCBuildConfiguration;
			buildSettings = {
				CODE_SIGN_IDENTITY = "";
				FRAMEWORK_SEARCH_PATHS = (
					"$(SDKROOT)/Developer/Library/Frameworks",
					"$(inherited)",
					"$(PROJECT_DIR)/Carthage/Build/iOS",
				);
				GCC_PREFIX_HEADER = "VENTouchLockTests/VENTouchLockTests-Prefix.pch";
				GCC_PREPROCESSOR_DEFINITIONS = (
					"DEBUG=1",
					"$(inherited)",
				);
				INFOPLIST_FILE = VENTouchLockTests/Info.plist;
				LD_RUNPATH_SEARCH_PATHS = "$(inherited) @executable_path/Frameworks @loader_path/Frameworks";
				PRODUCT_NAME = "$(TARGET_NAME)";
			};
			name = Debug;
		};
		3A709A8819BE67D800AC9238 /* Release */ = {
			isa = XCBuildConfiguration;
			buildSettings = {
				CODE_SIGN_IDENTITY = "";
				FRAMEWORK_SEARCH_PATHS = (
					"$(SDKROOT)/Developer/Library/Frameworks",
					"$(inherited)",
					"$(PROJECT_DIR)/Carthage/Build/iOS",
				);
				GCC_PREFIX_HEADER = "VENTouchLockTests/VENTouchLockTests-Prefix.pch";
				INFOPLIST_FILE = VENTouchLockTests/Info.plist;
				LD_RUNPATH_SEARCH_PATHS = "$(inherited) @executable_path/Frameworks @loader_path/Frameworks";
				PRODUCT_NAME = "$(TARGET_NAME)";
			};
			name = Release;
		};
/* End XCBuildConfiguration section */

/* Begin XCConfigurationList section */
		3A709A6A19BE67D800AC9238 /* Build configuration list for PBXProject "VENTouchLock" */ = {
			isa = XCConfigurationList;
			buildConfigurations = (
				3A709A8119BE67D800AC9238 /* Debug */,
				3A709A8219BE67D800AC9238 /* Release */,
			);
			defaultConfigurationIsVisible = 0;
			defaultConfigurationName = Release;
		};
		3A709A8319BE67D800AC9238 /* Build configuration list for PBXNativeTarget "VENTouchLock" */ = {
			isa = XCConfigurationList;
			buildConfigurations = (
				3A709A8419BE67D800AC9238 /* Debug */,
				3A709A8519BE67D800AC9238 /* Release */,
			);
			defaultConfigurationIsVisible = 0;
			defaultConfigurationName = Release;
		};
		3A709A8619BE67D800AC9238 /* Build configuration list for PBXNativeTarget "VENTouchLockTests" */ = {
			isa = XCConfigurationList;
			buildConfigurations = (
				3A709A8719BE67D800AC9238 /* Debug */,
				3A709A8819BE67D800AC9238 /* Release */,
			);
			defaultConfigurationIsVisible = 0;
			defaultConfigurationName = Release;
		};
/* End XCConfigurationList section */
	};
	rootObject = 3A709A6719BE67D800AC9238 /* Project object */;
}
