PODS:
  - SSKeychain (1.4.1)
  - VENTouchLock (1.12.0):
    - SSKeychain (~> 1.0)

DEPENDENCIES:
  - VENTouchLock

SPEC CHECKSUMS:
  SSKeychain: 55cc80f66f5c73da827e3077f02e43528897db41
  VENTouchLock: 20d378b9c6173e2c054448aeb3fb2f40822a9f3f

PODFILE CHECKSUM: e781c31caa6e693770305bb86abe1d053354cea5

COCOAPODS: 1.1.1
